
Microsoft Visual Studio Solution File, Format Version 12.00
# Visual Studio 15
VisualStudioVersion = 15.0.27703.2042
MinimumVisualStudioVersion = 10.0.40219.1
Project("{FAE04EC0-301F-11D3-BF4B-00C04F79EFBC}") = "WeatherStore", "WeatherStore\WeatherStore.csproj", "{DC07B025-A5D5-4B5E-8087-1E82D677518D}"
EndProject
Global
	GlobalSection(SolutionConfigurationPlatforms) = preSolution
		Debug|Any CPU = Debug|Any CPU
		Release|Any CPU = Release|Any CPU
	EndGlobalSection
	GlobalSection(ProjectConfigurationPlatforms) = postSolution
		{DC07B025-A5D5-4B5E-8087-1E82D677518D}.Debug|Any CPU.ActiveCfg = Debug|Any CPU
		{DC07B025-A5D5-4B5E-8087-1E82D677518D}.Debug|Any CPU.Build.0 = Debug|Any CPU
		{DC07B025-A5D5-4B5E-8087-1E82D677518D}.Release|Any CPU.ActiveCfg = Release|Any CPU
		{DC07B025-A5D5-4B5E-8087-1E82D677518D}.Release|Any CPU.Build.0 = Release|Any CPU
	EndGlobalSection
	GlobalSection(SolutionProperties) = preSolution
		HideSolutionNode = FALSE
	EndGlobalSection
	GlobalSection(ExtensibilityGlobals) = postSolution
		SolutionGuid = {E14B3365-F539-4BB1-A362-2A07255EDF0E}
	EndGlobalSection
EndGlobal
